
Microsoft Visual Studio Solution File, Format Version 12.00
# Visual Studio Version 16
VisualStudioVersion = 16.0.31702.278
MinimumVisualStudioVersion = 10.0.40219.1
Project("{FAE04EC0-301F-11D3-BF4B-00C04F79EFBC}") = "GestionInventarios", "ProyectoZambranito\GestionInventarios.csproj", "{400936DB-62D1-47C0-BC6D-9512AFAF1899}"
EndProject
Project("{FAE04EC0-301F-11D3-BF4B-00C04F79EFBC}") = "bDatos", "bDatos\bDatos.csproj", "{6FAECC7D-57AE-44E4-ACA3-D2C430AA4CB4}"
EndProject
Global
	GlobalSection(SolutionConfigurationPlatforms) = preSolution
		Debug|Any CPU = Debug|Any CPU
		Release|Any CPU = Release|Any CPU
	EndGlobalSection
	GlobalSection(ProjectConfigurationPlatforms) = postSolution
		{400936DB-62D1-47C0-BC6D-9512AFAF1899}.Debug|Any CPU.ActiveCfg = Debug|Any CPU
		{400936DB-62D1-47C0-BC6D-9512AFAF1899}.Debug|Any CPU.Build.0 = Debug|Any CPU
		{400936DB-62D1-47C0-BC6D-9512AFAF1899}.Release|Any CPU.ActiveCfg = Release|Any CPU
		{400936DB-62D1-47C0-BC6D-9512AFAF1899}.Release|Any CPU.Build.0 = Release|Any CPU
		{6FAECC7D-57AE-44E4-ACA3-D2C430AA4CB4}.Debug|Any CPU.ActiveCfg = Debug|Any CPU
		{6FAECC7D-57AE-44E4-ACA3-D2C430AA4CB4}.Debug|Any CPU.Build.0 = Debug|Any CPU
		{6FAECC7D-57AE-44E4-ACA3-D2C430AA4CB4}.Release|Any CPU.ActiveCfg = Release|Any CPU
		{6FAECC7D-57AE-44E4-ACA3-D2C430AA4CB4}.Release|Any CPU.Build.0 = Release|Any CPU
	EndGlobalSection
	GlobalSection(SolutionProperties) = preSolution
		HideSolutionNode = FALSE
	EndGlobalSection
	GlobalSection(ExtensibilityGlobals) = postSolution
		SolutionGuid = {C4132F2A-5B9C-4D97-82AF-8E7D21217EEB}
	EndGlobalSection
EndGlobal
